
Microsoft Visual Studio Solution File, Format Version 12.00
# Visual Studio Version 17
VisualStudioVersion = 17.0.32014.148
MinimumVisualStudioVersion = 10.0.40219.1
Project("{FAE04EC0-301F-11D3-BF4B-00C04F79EFBC}") = "ApprovalManagementAPI", "approval_management\ApprovalManagementAPI.csproj", "{02308DB3-1E87-4E2F-B600-9F655BBA8CD3}"
EndProject
Project("{FAE04EC0-301F-11D3-BF4B-00C04F79EFBC}") = "ApprovalManagementAPI.DataModel", "approval_managementRepo\ApprovalManagementAPI.DataModel.csproj", "{B18CD87E-8311-40C1-BCAD-F3610C80339D}"
EndProject
Project("{FAE04EC0-301F-11D3-BF4B-00C04F79EFBC}") = "ApprovalManagementAPI.ServiceModels", "ApprovalManagementAPI.ServiceModels\ApprovalManagementAPI.ServiceModels.csproj", "{5187DD3F-D324-479E-97C9-4D968496AB54}"
EndProject
Global
	GlobalSection(SolutionConfigurationPlatforms) = preSolution
		Debug|Any CPU = Debug|Any CPU
		Release|Any CPU = Release|Any CPU
	EndGlobalSection
	GlobalSection(ProjectConfigurationPlatforms) = postSolution
		{02308DB3-1E87-4E2F-B600-9F655BBA8CD3}.Debug|Any CPU.ActiveCfg = Debug|Any CPU
		{02308DB3-1E87-4E2F-B600-9F655BBA8CD3}.Debug|Any CPU.Build.0 = Debug|Any CPU
		{02308DB3-1E87-4E2F-B600-9F655BBA8CD3}.Release|Any CPU.ActiveCfg = Release|Any CPU
		{02308DB3-1E87-4E2F-B600-9F655BBA8CD3}.Release|Any CPU.Build.0 = Release|Any CPU
		{B18CD87E-8311-40C1-BCAD-F3610C80339D}.Debug|Any CPU.ActiveCfg = Debug|Any CPU
		{B18CD87E-8311-40C1-BCAD-F3610C80339D}.Debug|Any CPU.Build.0 = Debug|Any CPU
		{B18CD87E-8311-40C1-BCAD-F3610C80339D}.Release|Any CPU.ActiveCfg = Release|Any CPU
		{B18CD87E-8311-40C1-BCAD-F3610C80339D}.Release|Any CPU.Build.0 = Release|Any CPU
		{5187DD3F-D324-479E-97C9-4D968496AB54}.Debug|Any CPU.ActiveCfg = Debug|Any CPU
		{5187DD3F-D324-479E-97C9-4D968496AB54}.Debug|Any CPU.Build.0 = Debug|Any CPU
		{5187DD3F-D324-479E-97C9-4D968496AB54}.Release|Any CPU.ActiveCfg = Release|Any CPU
		{5187DD3F-D324-479E-97C9-4D968496AB54}.Release|Any CPU.Build.0 = Release|Any CPU
	EndGlobalSection
	GlobalSection(SolutionProperties) = preSolution
		HideSolutionNode = FALSE
	EndGlobalSection
	GlobalSection(ExtensibilityGlobals) = postSolution
		SolutionGuid = {B856DDD0-652C-440C-83BC-D9D9C232A9DD}
	EndGlobalSection
EndGlobal
